
Microsoft Visual Studio Solution File, Format Version 12.00
# Visual Studio Version 17
VisualStudioVersion = 17.3.32825.248
MinimumVisualStudioVersion = 10.0.40219.1
Project("{9A19103F-16F7-4668-BE54-9A1E7A4F7556}") = "metoderOgKlasser", "metoderOgKlasser\metoderOgKlasser.csproj", "{DAE98D60-9862-4809-9077-11D52058F187}"
EndProject
Project("{FAE04EC0-301F-11D3-BF4B-00C04F79EFBC}") = "LommeregnerTest", "LommeregnerTest\LommeregnerTest.csproj", "{E0F5AF77-4551-43E3-9D28-79FE4DE292F0}"
EndProject
Global
	GlobalSection(SolutionConfigurationPlatforms) = preSolution
		Debug|Any CPU = Debug|Any CPU
		Release|Any CPU = Release|Any CPU
	EndGlobalSection
	GlobalSection(ProjectConfigurationPlatforms) = postSolution
		{DAE98D60-9862-4809-9077-11D52058F187}.Debug|Any CPU.ActiveCfg = Debug|Any CPU
		{DAE98D60-9862-4809-9077-11D52058F187}.Debug|Any CPU.Build.0 = Debug|Any CPU
		{DAE98D60-9862-4809-9077-11D52058F187}.Release|Any CPU.ActiveCfg = Release|Any CPU
		{DAE98D60-9862-4809-9077-11D52058F187}.Release|Any CPU.Build.0 = Release|Any CPU
		{E0F5AF77-4551-43E3-9D28-79FE4DE292F0}.Debug|Any CPU.ActiveCfg = Debug|Any CPU
		{E0F5AF77-4551-43E3-9D28-79FE4DE292F0}.Debug|Any CPU.Build.0 = Debug|Any CPU
		{E0F5AF77-4551-43E3-9D28-79FE4DE292F0}.Release|Any CPU.ActiveCfg = Release|Any CPU
		{E0F5AF77-4551-43E3-9D28-79FE4DE292F0}.Release|Any CPU.Build.0 = Release|Any CPU
	EndGlobalSection
	GlobalSection(SolutionProperties) = preSolution
		HideSolutionNode = FALSE
	EndGlobalSection
	GlobalSection(ExtensibilityGlobals) = postSolution
		SolutionGuid = {0E29B024-0229-4E9B-AF95-67DCB192867D}
	EndGlobalSection
EndGlobal
