
Microsoft Visual Studio Solution File, Format Version 12.00
# Visual Studio Version 17
VisualStudioVersion = 17.4.33213.308
MinimumVisualStudioVersion = 10.0.40219.1
Project("{FAE04EC0-301F-11D3-BF4B-00C04F79EFBC}") = "23-11_Opgave7", "23-11_Opgave7\23-11_Opgave7.csproj", "{6ABABD31-1DE0-400B-84DF-4AF8CE49B1DF}"
EndProject
Global
	GlobalSection(SolutionConfigurationPlatforms) = preSolution
		Debug|Any CPU = Debug|Any CPU
		Release|Any CPU = Release|Any CPU
	EndGlobalSection
	GlobalSection(ProjectConfigurationPlatforms) = postSolution
		{6ABABD31-1DE0-400B-84DF-4AF8CE49B1DF}.Debug|Any CPU.ActiveCfg = Debug|Any CPU
		{6ABABD31-1DE0-400B-84DF-4AF8CE49B1DF}.Debug|Any CPU.Build.0 = Debug|Any CPU
		{6ABABD31-1DE0-400B-84DF-4AF8CE49B1DF}.Release|Any CPU.ActiveCfg = Release|Any CPU
		{6ABABD31-1DE0-400B-84DF-4AF8CE49B1DF}.Release|Any CPU.Build.0 = Release|Any CPU
	EndGlobalSection
	GlobalSection(SolutionProperties) = preSolution
		HideSolutionNode = FALSE
	EndGlobalSection
	GlobalSection(ExtensibilityGlobals) = postSolution
		SolutionGuid = {6A590A56-F213-4D64-A205-2F8F2BA1C84D}
	EndGlobalSection
EndGlobal
