
Microsoft Visual Studio Solution File, Format Version 12.00
# Visual Studio Version 17
VisualStudioVersion = 17.4.33213.308
MinimumVisualStudioVersion = 10.0.40219.1
Project("{FAE04EC0-301F-11D3-BF4B-00C04F79EFBC}") = "MyFirstBlazorProject", "MyFirstBlazorProject\MyFirstBlazorProject.csproj", "{A145A4A9-4C7A-4F0B-87A7-5AFB281E433C}"
EndProject
Global
	GlobalSection(SolutionConfigurationPlatforms) = preSolution
		Debug|Any CPU = Debug|Any CPU
		Release|Any CPU = Release|Any CPU
	EndGlobalSection
	GlobalSection(ProjectConfigurationPlatforms) = postSolution
		{A145A4A9-4C7A-4F0B-87A7-5AFB281E433C}.Debug|Any CPU.ActiveCfg = Debug|Any CPU
		{A145A4A9-4C7A-4F0B-87A7-5AFB281E433C}.Debug|Any CPU.Build.0 = Debug|Any CPU
		{A145A4A9-4C7A-4F0B-87A7-5AFB281E433C}.Release|Any CPU.ActiveCfg = Release|Any CPU
		{A145A4A9-4C7A-4F0B-87A7-5AFB281E433C}.Release|Any CPU.Build.0 = Release|Any CPU
	EndGlobalSection
	GlobalSection(SolutionProperties) = preSolution
		HideSolutionNode = FALSE
	EndGlobalSection
	GlobalSection(ExtensibilityGlobals) = postSolution
		SolutionGuid = {CF629E1E-D8CD-460A-BFCE-962533FFC7D0}
	EndGlobalSection
EndGlobal
