
Microsoft Visual Studio Solution File, Format Version 12.00
# Visual Studio Version 17
VisualStudioVersion = 17.4.33213.308
MinimumVisualStudioVersion = 10.0.40219.1
Project("{FAE04EC0-301F-11D3-BF4B-00C04F79EFBC}") = "MusicStore", "MusicStore\MusicStore.csproj", "{DBF2BF70-3879-44EA-AD7A-30508B049F4C}"
EndProject
Global
	GlobalSection(SolutionConfigurationPlatforms) = preSolution
		Debug|Any CPU = Debug|Any CPU
		Release|Any CPU = Release|Any CPU
	EndGlobalSection
	GlobalSection(ProjectConfigurationPlatforms) = postSolution
		{DBF2BF70-3879-44EA-AD7A-30508B049F4C}.Debug|Any CPU.ActiveCfg = Debug|Any CPU
		{DBF2BF70-3879-44EA-AD7A-30508B049F4C}.Debug|Any CPU.Build.0 = Debug|Any CPU
		{DBF2BF70-3879-44EA-AD7A-30508B049F4C}.Release|Any CPU.ActiveCfg = Release|Any CPU
		{DBF2BF70-3879-44EA-AD7A-30508B049F4C}.Release|Any CPU.Build.0 = Release|Any CPU
	EndGlobalSection
	GlobalSection(SolutionProperties) = preSolution
		HideSolutionNode = FALSE
	EndGlobalSection
	GlobalSection(ExtensibilityGlobals) = postSolution
		SolutionGuid = {B985D3F2-0C6F-4B17-89A6-9053EA696B14}
	EndGlobalSection
EndGlobal
