
Microsoft Visual Studio Solution File, Format Version 12.00
# Visual Studio Version 17
VisualStudioVersion = 17.3.32825.248
MinimumVisualStudioVersion = 10.0.40219.1
Project("{FAE04EC0-301F-11D3-BF4B-00C04F79EFBC}") = "SimpleBank", "SimpleBank\SimpleBank.csproj", "{0D1CC970-6B4E-4D09-BC6E-5AC843CC5AC7}"
EndProject
Project("{FAE04EC0-301F-11D3-BF4B-00C04F79EFBC}") = "TestProject1", "TestProject1\TestProject1.csproj", "{D071AD45-1055-4423-9D03-27EE76B042D5}"
EndProject
Global
	GlobalSection(SolutionConfigurationPlatforms) = preSolution
		Debug|Any CPU = Debug|Any CPU
		Release|Any CPU = Release|Any CPU
	EndGlobalSection
	GlobalSection(ProjectConfigurationPlatforms) = postSolution
		{0D1CC970-6B4E-4D09-BC6E-5AC843CC5AC7}.Debug|Any CPU.ActiveCfg = Debug|Any CPU
		{0D1CC970-6B4E-4D09-BC6E-5AC843CC5AC7}.Debug|Any CPU.Build.0 = Debug|Any CPU
		{0D1CC970-6B4E-4D09-BC6E-5AC843CC5AC7}.Release|Any CPU.ActiveCfg = Release|Any CPU
		{0D1CC970-6B4E-4D09-BC6E-5AC843CC5AC7}.Release|Any CPU.Build.0 = Release|Any CPU
		{D071AD45-1055-4423-9D03-27EE76B042D5}.Debug|Any CPU.ActiveCfg = Debug|Any CPU
		{D071AD45-1055-4423-9D03-27EE76B042D5}.Debug|Any CPU.Build.0 = Debug|Any CPU
		{D071AD45-1055-4423-9D03-27EE76B042D5}.Release|Any CPU.ActiveCfg = Release|Any CPU
		{D071AD45-1055-4423-9D03-27EE76B042D5}.Release|Any CPU.Build.0 = Release|Any CPU
	EndGlobalSection
	GlobalSection(SolutionProperties) = preSolution
		HideSolutionNode = FALSE
	EndGlobalSection
	GlobalSection(ExtensibilityGlobals) = postSolution
		SolutionGuid = {3FFEDEE5-51D2-432D-9676-49305F710010}
	EndGlobalSection
EndGlobal
