
Microsoft Visual Studio Solution File, Format Version 12.00
# Visual Studio Version 17
VisualStudioVersion = 17.4.33213.308
MinimumVisualStudioVersion = 10.0.40219.1
Project("{9A19103F-16F7-4668-BE54-9A1E7A4F7556}") = "AuctionHouseServer", "AuctionHouse\AuctionHouseServer.csproj", "{3D39789C-5DB5-4D59-8EA5-05044D743DA3}"
EndProject
Project("{FAE04EC0-301F-11D3-BF4B-00C04F79EFBC}") = "AuctionHouseClient", "AuctionHouseClient\AuctionHouseClient.csproj", "{9A9FFBE8-6A34-454A-8F81-902203E9684C}"
EndProject
Global
	GlobalSection(SolutionConfigurationPlatforms) = preSolution
		Debug|Any CPU = Debug|Any CPU
		Release|Any CPU = Release|Any CPU
	EndGlobalSection
	GlobalSection(ProjectConfigurationPlatforms) = postSolution
		{3D39789C-5DB5-4D59-8EA5-05044D743DA3}.Debug|Any CPU.ActiveCfg = Debug|Any CPU
		{3D39789C-5DB5-4D59-8EA5-05044D743DA3}.Debug|Any CPU.Build.0 = Debug|Any CPU
		{3D39789C-5DB5-4D59-8EA5-05044D743DA3}.Release|Any CPU.ActiveCfg = Release|Any CPU
		{3D39789C-5DB5-4D59-8EA5-05044D743DA3}.Release|Any CPU.Build.0 = Release|Any CPU
		{9A9FFBE8-6A34-454A-8F81-902203E9684C}.Debug|Any CPU.ActiveCfg = Debug|Any CPU
		{9A9FFBE8-6A34-454A-8F81-902203E9684C}.Debug|Any CPU.Build.0 = Debug|Any CPU
		{9A9FFBE8-6A34-454A-8F81-902203E9684C}.Release|Any CPU.ActiveCfg = Release|Any CPU
		{9A9FFBE8-6A34-454A-8F81-902203E9684C}.Release|Any CPU.Build.0 = Release|Any CPU
	EndGlobalSection
	GlobalSection(SolutionProperties) = preSolution
		HideSolutionNode = FALSE
	EndGlobalSection
	GlobalSection(ExtensibilityGlobals) = postSolution
		SolutionGuid = {B2EF97C6-C39C-44E7-AD2B-71AB69F9F8BC}
	EndGlobalSection
EndGlobal
