
Microsoft Visual Studio Solution File, Format Version 12.00
# Visual Studio Version 17
VisualStudioVersion = 17.4.33213.308
MinimumVisualStudioVersion = 10.0.40219.1
Project("{FAE04EC0-301F-11D3-BF4B-00C04F79EFBC}") = "Test", "Test\Test.csproj", "{2073E3CB-AB25-40F7-83C1-E21257AB81DA}"
EndProject
Global
	GlobalSection(SolutionConfigurationPlatforms) = preSolution
		Debug|Any CPU = Debug|Any CPU
		Release|Any CPU = Release|Any CPU
	EndGlobalSection
	GlobalSection(ProjectConfigurationPlatforms) = postSolution
		{2073E3CB-AB25-40F7-83C1-E21257AB81DA}.Debug|Any CPU.ActiveCfg = Debug|Any CPU
		{2073E3CB-AB25-40F7-83C1-E21257AB81DA}.Debug|Any CPU.Build.0 = Debug|Any CPU
		{2073E3CB-AB25-40F7-83C1-E21257AB81DA}.Release|Any CPU.ActiveCfg = Release|Any CPU
		{2073E3CB-AB25-40F7-83C1-E21257AB81DA}.Release|Any CPU.Build.0 = Release|Any CPU
	EndGlobalSection
	GlobalSection(SolutionProperties) = preSolution
		HideSolutionNode = FALSE
	EndGlobalSection
	GlobalSection(ExtensibilityGlobals) = postSolution
		SolutionGuid = {4958CB8E-686B-4D73-A7F9-F505459BE016}
	EndGlobalSection
EndGlobal
